
Microsoft Visual Studio Solution File, Format Version 12.00
# Visual Studio Version 17
VisualStudioVersion = 17.2.32519.379
MinimumVisualStudioVersion = 10.0.40219.1
Project("{9A19103F-16F7-4668-BE54-9A1E7A4F7556}") = "QueryCS", "QueryCS.csproj", "{BA331A1D-8B3E-4CD2-BB29-F30601F974A1}"
EndProject
Global
	GlobalSection(SolutionConfigurationPlatforms) = preSolution
		Debug|Any CPU = Debug|Any CPU
		Release|Any CPU = Release|Any CPU
	EndGlobalSection
	GlobalSection(ProjectConfigurationPlatforms) = postSolution
		{BA331A1D-8B3E-4CD2-BB29-F30601F974A1}.Debug|Any CPU.ActiveCfg = Debug|Any CPU
		{BA331A1D-8B3E-4CD2-BB29-F30601F974A1}.Debug|Any CPU.Build.0 = Debug|Any CPU
		{BA331A1D-8B3E-4CD2-BB29-F30601F974A1}.Release|Any CPU.ActiveCfg = Release|Any CPU
		{BA331A1D-8B3E-4CD2-BB29-F30601F974A1}.Release|Any CPU.Build.0 = Release|Any CPU
	EndGlobalSection
	GlobalSection(SolutionProperties) = preSolution
		HideSolutionNode = FALSE
	EndGlobalSection
	GlobalSection(ExtensibilityGlobals) = postSolution
		SolutionGuid = {BC374EE9-4BFF-45D0-A334-C90F2CBADC54}
	EndGlobalSection
EndGlobal
